
Microsoft Visual Studio Solution File, Format Version 12.00
# Visual Studio Version 17
VisualStudioVersion = 17.2.32526.322
MinimumVisualStudioVersion = 10.0.40219.1
Project("{8BC9CEB8-8B4A-11D0-8D11-00A0C91BC942}") = "test5", "test5.vcxproj", "{6282F80D-95C4-453C-BCD4-20FD7AC925AF}"
EndProject
Global
	GlobalSection(SolutionConfigurationPlatforms) = preSolution
		Debug|x64 = Debug|x64
		Debug|x86 = Debug|x86
		Release|x64 = Release|x64
		Release|x86 = Release|x86
	EndGlobalSection
	GlobalSection(ProjectConfigurationPlatforms) = postSolution
		{6282F80D-95C4-453C-BCD4-20FD7AC925AF}.Debug|x64.ActiveCfg = Debug|x64
		{6282F80D-95C4-453C-BCD4-20FD7AC925AF}.Debug|x64.Build.0 = Debug|x64
		{6282F80D-95C4-453C-BCD4-20FD7AC925AF}.Debug|x86.ActiveCfg = Debug|Win32
		{6282F80D-95C4-453C-BCD4-20FD7AC925AF}.Debug|x86.Build.0 = Debug|Win32
		{6282F80D-95C4-453C-BCD4-20FD7AC925AF}.Release|x64.ActiveCfg = Release|x64
		{6282F80D-95C4-453C-BCD4-20FD7AC925AF}.Release|x64.Build.0 = Release|x64
		{6282F80D-95C4-453C-BCD4-20FD7AC925AF}.Release|x86.ActiveCfg = Release|Win32
		{6282F80D-95C4-453C-BCD4-20FD7AC925AF}.Release|x86.Build.0 = Release|Win32
	EndGlobalSection
	GlobalSection(SolutionProperties) = preSolution
		HideSolutionNode = FALSE
	EndGlobalSection
	GlobalSection(ExtensibilityGlobals) = postSolution
		SolutionGuid = {B5C2BDF0-2EFC-4B5D-A100-567BCE0A8533}
	EndGlobalSection
EndGlobal
